
Microsoft Visual Studio Solution File, Format Version 12.00
# Visual Studio Version 17
VisualStudioVersion = 17.1.31911.260
MinimumVisualStudioVersion = 10.0.40219.1
Project("{FAE04EC0-301F-11D3-BF4B-00C04F79EFBC}") = "HyPlayer.Uta", "HyPlayer.Uta\HyPlayer.Uta.csproj", "{BDD86793-2E52-43BE-B8BF-BC4E11ADB225}"
EndProject
Global
	GlobalSection(SolutionConfigurationPlatforms) = preSolution
		Debug|Any CPU = Debug|Any CPU
		Release|Any CPU = Release|Any CPU
	EndGlobalSection
	GlobalSection(ProjectConfigurationPlatforms) = postSolution
		{BDD86793-2E52-43BE-B8BF-BC4E11ADB225}.Debug|Any CPU.ActiveCfg = Debug|Any CPU
		{BDD86793-2E52-43BE-B8BF-BC4E11ADB225}.Debug|Any CPU.Build.0 = Debug|Any CPU
		{BDD86793-2E52-43BE-B8BF-BC4E11ADB225}.Release|Any CPU.ActiveCfg = Release|Any CPU
		{BDD86793-2E52-43BE-B8BF-BC4E11ADB225}.Release|Any CPU.Build.0 = Release|Any CPU
	EndGlobalSection
	GlobalSection(SolutionProperties) = preSolution
		HideSolutionNode = FALSE
	EndGlobalSection
	GlobalSection(ExtensibilityGlobals) = postSolution
		SolutionGuid = {5A4FCE73-15E5-4099-9E4B-AB7E85D31F8B}
	EndGlobalSection
EndGlobal
